# generated by rye
# use `rye lock` or `rye sync` to update this lockfile
#
# last locked with the following flags:
#   pre: false
#   features: []
#   all-features: false
#   with-sources: false

-e file:.
annotated-types==0.5.0
    # via pydantic
click==8.1.7
    # via typer
colorama==0.4.6
    # via click
    # via pytest
exceptiongroup==1.2.0
    # via pytest
greenlet==3.0.3
    # via sqlalchemy
importlib-metadata==6.7.0
    # via click
    # via pluggy
    # via pydantic
    # via pytest
    # via sqlalchemy
iniconfig==2.0.0
    # via pytest
inquirerpy==0.3.4
    # via pss-cli
markdown-it-py==2.2.0
    # via rich
mdurl==0.1.2
    # via markdown-it-py
packaging==24.0
    # via pytest
pfzy==0.3.4
    # via inquirerpy
pluggy==1.2.0
    # via pss-cli
    # via pytest
prompt-toolkit==3.0.43
    # via inquirerpy
pssepath==0.2.3
    # via pss-cli
pydantic==2.5.3
    # via sqlmodel
pydantic-core==2.14.6
    # via pydantic
pyfzf==0.3.1
    # via pss-cli
pygments==2.17.2
    # via rich
pytest==7.4.4
rich==13.7.1
    # via pss-cli
    # via typer
shellingham==1.5.4
    # via pss-cli
    # via typer
sqlalchemy==2.0.29
    # via sqlmodel
sqlmodel==0.0.16
    # via pss-cli
tabulate==0.9.0
    # via pss-cli
tomli==2.0.1
    # via pytest
typer==0.12.2
    # via pss-cli
typing-extensions==4.7.1
    # via annotated-types
    # via importlib-metadata
    # via markdown-it-py
    # via pydantic
    # via pydantic-core
    # via rich
    # via sqlalchemy
    # via typer
wcwidth==0.2.13
    # via prompt-toolkit
zipp==3.15.0
    # via importlib-metadata
