# generated by rye
# use `rye lock` or `rye sync` to update this lockfile
#
# last locked with the following flags:
#   pre: false
#   features: []
#   all-features: false
#   with-sources: false

-e file:.
annotated-types==0.5.0
    # via pydantic
click==8.1.7
    # via typer
colorama==0.4.6
    # via click
greenlet==3.0.3
    # via sqlalchemy
importlib-metadata==6.7.0
    # via click
    # via pydantic
    # via sqlalchemy
markdown-it-py==2.2.0
    # via rich
mdurl==0.1.2
    # via markdown-it-py
pydantic==2.5.3
    # via sqlmodel
pydantic-core==2.14.6
    # via pydantic
pygments==2.17.2
    # via rich
rich==13.7.1
    # via pss-cli
    # via typer
shellingham==1.5.4
    # via pss-cli
    # via typer
sqlalchemy==2.0.29
    # via sqlmodel
sqlmodel==0.0.16
    # via pss-cli
typer==0.12.2
    # via pss-cli
typing-extensions==4.7.1
    # via annotated-types
    # via importlib-metadata
    # via markdown-it-py
    # via pydantic
    # via pydantic-core
    # via rich
    # via sqlalchemy
    # via typer
zipp==3.15.0
    # via importlib-metadata
